lockfileVersion: '9.0'

settings:
  autoInstallPeers: true
  excludeLinksFromLockfile: false

importers:

  .:
    dependencies:
      '@tanstack/react-query':
        specifier: ^5.100.9
        version: 5.100.9(react@19.2.5)

packages:

  '@tanstack/query-core@5.100.9':
    resolution: {integrity: sha512-SJSFw1S8+kQ0+knv/XGfrbocWoAlT7vDKsSImtLx3ZPQmEcR46hkDjLSvynSy25N8Ms4tIEini1FuBd5k7IscQ==}

  '@tanstack/react-query@5.100.9':
    resolution: {integrity: sha512-Oa44XkaI3kCNN6ME0KByU3xT3SEUNOMfZpHxL6+wFoTm+OeUFYHKdeYVe0aOXlRDm/f15sgLwEt2HDorIdW8+A==}
    peerDependencies:
      react: ^18 || ^19

  react@19.2.5:
    resolution: {integrity: sha512-llUJLzz1zTUBrskt2pwZgLq59AemifIftw4aB7JxOqf1HY2FDaGDxgwpAPVzHU1kdWabH7FauP4i1oEeer2WCA==}
    engines: {node: '>=0.10.0'}

snapshots:

  '@tanstack/query-core@5.100.9': {}

  '@tanstack/react-query@5.100.9(react@19.2.5)':
    dependencies:
      '@tanstack/query-core': 5.100.9
      react: 19.2.5

  react@19.2.5: {}
